# THIS IS AN AUTOGENERATED FILE. DO NOT EDIT THIS FILE DIRECTLY.
# yarn lockfile v1


swiper@^11.2.5:
  version "11.2.5"
  resolved "https://registry.yarnpkg.com/swiper/-/swiper-11.2.5.tgz#8168b85ff858773e674823acb8962a1c5cdee689"
  integrity sha512-nG0kbIyBfeE2BPFt9nPUX03qUBF75o6+enzjIT/DfCmbh8ORlwhc4eZz1+4H/yseAgb3H+OoEYzmb64i0tYNnQ==
